
Microsoft Visual Studio Solution File, Format Version 12.00
# Visual Studio Version 17
VisualStudioVersion = 17.7.34202.233
MinimumVisualStudioVersion = 10.0.40219.1
Project("{FAE04EC0-301F-11D3-BF4B-00C04F79EFBC}") = "ConsoleApp11", "ConsoleApp11\ConsoleApp11.csproj", "{95FE3EC9-B795-438C-ADD7-ADE143710F1B}"
EndProject
Global
	GlobalSection(SolutionConfigurationPlatforms) = preSolution
		Debug|Any CPU = Debug|Any CPU
		Release|Any CPU = Release|Any CPU
	EndGlobalSection
	GlobalSection(ProjectConfigurationPlatforms) = postSolution
		{95FE3EC9-B795-438C-ADD7-ADE143710F1B}.Debug|Any CPU.ActiveCfg = Debug|Any CPU
		{95FE3EC9-B795-438C-ADD7-ADE143710F1B}.Debug|Any CPU.Build.0 = Debug|Any CPU
		{95FE3EC9-B795-438C-ADD7-ADE143710F1B}.Release|Any CPU.ActiveCfg = Release|Any CPU
		{95FE3EC9-B795-438C-ADD7-ADE143710F1B}.Release|Any CPU.Build.0 = Release|Any CPU
	EndGlobalSection
	GlobalSection(SolutionProperties) = preSolution
		HideSolutionNode = FALSE
	EndGlobalSection
	GlobalSection(ExtensibilityGlobals) = postSolution
		SolutionGuid = {D3D53369-3B4C-4749-A5B2-72C4E23E749E}
	EndGlobalSection
EndGlobal
